
Microsoft Visual Studio Solution File, Format Version 12.00
# Visual Studio Version 17
VisualStudioVersion = 17.7.34024.191
MinimumVisualStudioVersion = 10.0.40219.1
Project("{9A19103F-16F7-4668-BE54-9A1E7A4F7556}") = "Dictionary", "Dictionary.csproj", "{124C57DB-27D7-4A72-B5D4-97A80827726A}"
EndProject
Global
	GlobalSection(SolutionConfigurationPlatforms) = preSolution
		Debug|Any CPU = Debug|Any CPU
		Release|Any CPU = Release|Any CPU
	EndGlobalSection
	GlobalSection(ProjectConfigurationPlatforms) = postSolution
		{124C57DB-27D7-4A72-B5D4-97A80827726A}.Debug|Any CPU.ActiveCfg = Debug|Any CPU
		{124C57DB-27D7-4A72-B5D4-97A80827726A}.Debug|Any CPU.Build.0 = Debug|Any CPU
		{124C57DB-27D7-4A72-B5D4-97A80827726A}.Release|Any CPU.ActiveCfg = Release|Any CPU
		{124C57DB-27D7-4A72-B5D4-97A80827726A}.Release|Any CPU.Build.0 = Release|Any CPU
	EndGlobalSection
	GlobalSection(SolutionProperties) = preSolution
		HideSolutionNode = FALSE
	EndGlobalSection
	GlobalSection(ExtensibilityGlobals) = postSolution
		SolutionGuid = {BE3A57D0-CEC8-4A92-B7B2-3F5C027B4C2E}
	EndGlobalSection
EndGlobal
